// !$*UTF8*$!
{
	archiveVersion = 1;
	classes = {
	};
	objectVersion = 55;
	objects = {

/* Begin PBXBuildFile section */
		3A1B542628695710005E9BDA /* tic_tac_toe WatchKit App.app in Embed Watch Content */ = {isa = PBXBuildFile; fileRef = 3A1B542528695710005E9BDA /* tic_tac_toe WatchKit App.app */; settings = {ATTRIBUTES = (RemoveHeadersOnCopy, ); }; };
		3A1B542B28695712005E9BDA /* Assets.xcassets in Resources */ = {isa = PBXBuildFile; fileRef = 3A1B542A28695712005E9BDA /* Assets.xcassets */; };
		3A1B543128695713005E9BDA /* tic_tac_toe WatchKit Extension.appex in Embed App Extensions */ = {isa = PBXBuildFile; fileRef = 3A1B543028695713005E9BDA /* tic_tac_toe WatchKit Extension.appex */; settings = {ATTRIBUTES = (RemoveHeadersOnCopy, ); }; };
		3A1B543628695713005E9BDA /* tic_tac_toeApp.swift in Sources */ = {isa = PBXBuildFile; fileRef = 3A1B543528695713005E9BDA /* tic_tac_toeApp.swift */; };
		3A1B543828695713005E9BDA /* ContentView.swift in Sources */ = {isa = PBXBuildFile; fileRef = 3A1B543728695713005E9BDA /* ContentView.swift */; };
		3A1B543A28695713005E9BDA /* NotificationController.swift in Sources */ = {isa = PBXBuildFile; fileRef = 3A1B543928695713005E9BDA /* NotificationController.swift */; };
		3A1B543C28695713005E9BDA /* NotificationView.swift in Sources */ = {isa = PBXBuildFile; fileRef = 3A1B543B28695713005E9BDA /* NotificationView.swift */; };
		3A1B543E28695713005E9BDA /* ComplicationController.swift in Sources */ = {isa = PBXBuildFile; fileRef = 3A1B543D28695713005E9BDA /* ComplicationController.swift */; };
		3A1B544028695714005E9BDA /* Assets.xcassets in Resources */ = {isa = PBXBuildFile; fileRef = 3A1B543F28695714005E9BDA /* Assets.xcassets */; };
		3A1B544328695714005E9BDA /* Preview Assets.xcassets in Resources */ = {isa = PBXBuildFile; fileRef = 3A1B544228695714005E9BDA /* Preview Assets.xcassets */; };
		3A1B544F28695714005E9BDA /* tic_tac_toeTests.swift in Sources */ = {isa = PBXBuildFile; fileRef = 3A1B544E28695714005E9BDA /* tic_tac_toeTests.swift */; };
		3A1B545928695714005E9BDA /* tic_tac_toeUITests.swift in Sources */ = {isa = PBXBuildFile; fileRef = 3A1B545828695714005E9BDA /* tic_tac_toeUITests.swift */; };
		3A1B545B28695714005E9BDA /* tic_tac_toeUITestsLaunchTests.swift in Sources */ = {isa = PBXBuildFile; fileRef = 3A1B545A28695714005E9BDA /* tic_tac_toeUITestsLaunchTests.swift */; };
/* End PBXBuildFile section */

/* Begin PBXContainerItemProxy section */
		3A1B542728695710005E9BDA /* PBXContainerItemProxy */ = {
			isa = PBXContainerItemProxy;
			containerPortal = 3A1B541B28695710005E9BDA /* Project object */;
			proxyType = 1;
			remoteGlobalIDString = 3A1B542428695710005E9BDA;
			remoteInfo = "tic_tac_toe WatchKit App";
		};
		3A1B543228695713005E9BDA /* PBXContainerItemProxy */ = {
			isa = PBXContainerItemProxy;
			containerPortal = 3A1B541B28695710005E9BDA /* Project object */;
			proxyType = 1;
			remoteGlobalIDString = 3A1B542F28695713005E9BDA;
			remoteInfo = "tic_tac_toe WatchKit Extension";
		};
		3A1B544B28695714005E9BDA /* PBXContainerItemProxy */ = {
			isa = PBXContainerItemProxy;
			containerPortal = 3A1B541B28695710005E9BDA /* Project object */;
			proxyType = 1;
			remoteGlobalIDString = 3A1B542F28695713005E9BDA;
			remoteInfo = "tic_tac_toe WatchKit Extension";
		};
		3A1B545528695714005E9BDA /* PBXContainerItemProxy */ = {
			isa = PBXContainerItemProxy;
			containerPortal = 3A1B541B28695710005E9BDA /* Project object */;
			proxyType = 1;
			remoteGlobalIDString = 3A1B542428695710005E9BDA;
			remoteInfo = "tic_tac_toe WatchKit App";
		};
/* End PBXContainerItemProxy section */

/* Begin PBXCopyFilesBuildPhase section */
		3A1B546128695714005E9BDA /* Embed App Extensions */ = {
			isa = PBXCopyFilesBuildPhase;
			buildActionMask = 2147483647;
			dstPath = "";
			dstSubfolderSpec = 13;
			files = (
				3A1B543128695713005E9BDA /* tic_tac_toe WatchKit Extension.appex in Embed App Extensions */,
			);
			name = "Embed App Extensions";
			runOnlyForDeploymentPostprocessing = 0;
		};
		3A1B546528695714005E9BDA /* Embed Watch Content */ = {
			isa = PBXCopyFilesBuildPhase;
			buildActionMask = 2147483647;
			dstPath = "$(CONTENTS_FOLDER_PATH)/Watch";
			dstSubfolderSpec = 16;
			files = (
				3A1B542628695710005E9BDA /* tic_tac_toe WatchKit App.app in Embed Watch Content */,
			);
			name = "Embed Watch Content";
			runOnlyForDeploymentPostprocessing = 0;
		};
/* End PBXCopyFilesBuildPhase section */

/* Begin PBXFileReference section */
		3A1B542128695710005E9BDA /* tic_tac_toe.app */ = {isa = PBXFileReference; explicitFileType = wrapper.application; includeInIndex = 0; path = tic_tac_toe.app; sourceTree = BUILT_PRODUCTS_DIR; };
		3A1B542528695710005E9BDA /* tic_tac_toe WatchKit App.app */ = {isa = PBXFileReference; explicitFileType = wrapper.application; includeInIndex = 0; path = "tic_tac_toe WatchKit App.app"; sourceTree = BUILT_PRODUCTS_DIR; };
		3A1B542A28695712005E9BDA /* Assets.xcassets */ = {isa = PBXFileReference; lastKnownFileType = folder.assetcatalog; path = Assets.xcassets; sourceTree = "<group>"; };
		3A1B543028695713005E9BDA /* tic_tac_toe WatchKit Extension.appex */ = {isa = PBXFileReference; explicitFileType = "wrapper.app-extension"; includeInIndex = 0; path = "tic_tac_toe WatchKit Extension.appex"; sourceTree = BUILT_PRODUCTS_DIR; };
		3A1B543528695713005E9BDA /* tic_tac_toeApp.swift */ = {isa = PBXFileReference; lastKnownFileType = sourcecode.swift; path = tic_tac_toeApp.swift; sourceTree = "<group>"; };
		3A1B543728695713005E9BDA /* ContentView.swift */ = {isa = PBXFileReference; lastKnownFileType = sourcecode.swift; path = ContentView.swift; sourceTree = "<group>"; };
		3A1B543928695713005E9BDA /* NotificationController.swift */ = {isa = PBXFileReference; lastKnownFileType = sourcecode.swift; path = NotificationController.swift; sourceTree = "<group>"; };
		3A1B543B28695713005E9BDA /* NotificationView.swift */ = {isa = PBXFileReference; lastKnownFileType = sourcecode.swift; path = NotificationView.swift; sourceTree = "<group>"; };
		3A1B543D28695713005E9BDA /* ComplicationController.swift */ = {isa = PBXFileReference; lastKnownFileType = sourcecode.swift; path = ComplicationController.swift; sourceTree = "<group>"; };
		3A1B543F28695714005E9BDA /* Assets.xcassets */ = {isa = PBXFileReference; lastKnownFileType = folder.assetcatalog; path = Assets.xcassets; sourceTree = "<group>"; };
		3A1B544228695714005E9BDA /* Preview Assets.xcassets */ = {isa = PBXFileReference; lastKnownFileType = folder.assetcatalog; path = "Preview Assets.xcassets"; sourceTree = "<group>"; };
		3A1B544428695714005E9BDA /* Info.plist */ = {isa = PBXFileReference; lastKnownFileType = text.plist.xml; path = Info.plist; sourceTree = "<group>"; };
		3A1B544528695714005E9BDA /* PushNotificationPayload.apns */ = {isa = PBXFileReference; lastKnownFileType = text; path = PushNotificationPayload.apns; sourceTree = "<group>"; };
		3A1B544A28695714005E9BDA /* tic_tac_toeTests.xctest */ = {isa = PBXFileReference; explicitFileType = wrapper.cfbundle; includeInIndex = 0; path = tic_tac_toeTests.xctest; sourceTree = BUILT_PRODUCTS_DIR; };
		3A1B544E28695714005E9BDA /* tic_tac_toeTests.swift */ = {isa = PBXFileReference; lastKnownFileType = sourcecode.swift; path = tic_tac_toeTests.swift; sourceTree = "<group>"; };
		3A1B545428695714005E9BDA /* tic_tac_toeUITests.xctest */ = {isa = PBXFileReference; explicitFileType = wrapper.cfbundle; includeInIndex = 0; path = tic_tac_toeUITests.xctest; sourceTree = BUILT_PRODUCTS_DIR; };
		3A1B545828695714005E9BDA /* tic_tac_toeUITests.swift */ = {isa = PBXFileReference; lastKnownFileType = sourcecode.swift; path = tic_tac_toeUITests.swift; sourceTree = "<group>"; };
		3A1B545A28695714005E9BDA /* tic_tac_toeUITestsLaunchTests.swift */ = {isa = PBXFileReference; lastKnownFileType = sourcecode.swift; path = tic_tac_toeUITestsLaunchTests.swift; sourceTree = "<group>"; };
/* End PBXFileReference section */

/* Begin PBXFrameworksBuildPhase section */
		3A1B542D28695713005E9BDA /* Frameworks */ = {
			isa = PBXFrameworksBuildPhase;
			buildActionMask = 2147483647;
			files = (
			);
			runOnlyForDeploymentPostprocessing = 0;
		};
		3A1B544728695714005E9BDA /* Frameworks */ = {
			isa = PBXFrameworksBuildPhase;
			buildActionMask = 2147483647;
			files = (
			);
			runOnlyForDeploymentPostprocessing = 0;
		};
		3A1B545128695714005E9BDA /* Frameworks */ = {
			isa = PBXFrameworksBuildPhase;
			buildActionMask = 2147483647;
			files = (
			);
			runOnlyForDeploymentPostprocessing = 0;
		};
/* End PBXFrameworksBuildPhase section */

/* Begin PBXGroup section */
		3A1B541A28695710005E9BDA = {
			isa = PBXGroup;
			children = (
				3A1B542928695710005E9BDA /* tic_tac_toe WatchKit App */,
				3A1B543428695713005E9BDA /* tic_tac_toe WatchKit Extension */,
				3A1B544D28695714005E9BDA /* tic_tac_toeTests */,
				3A1B545728695714005E9BDA /* tic_tac_toeUITests */,
				3A1B542228695710005E9BDA /* Products */,
			);
			sourceTree = "<group>";
		};
		3A1B542228695710005E9BDA /* Products */ = {
			isa = PBXGroup;
			children = (
				3A1B542128695710005E9BDA /* tic_tac_toe.app */,
				3A1B542528695710005E9BDA /* tic_tac_toe WatchKit App.app */,
				3A1B543028695713005E9BDA /* tic_tac_toe WatchKit Extension.appex */,
				3A1B544A28695714005E9BDA /* tic_tac_toeTests.xctest */,
				3A1B545428695714005E9BDA /* tic_tac_toeUITests.xctest */,
			);
			name = Products;
			sourceTree = "<group>";
		};
		3A1B542928695710005E9BDA /* tic_tac_toe WatchKit App */ = {
			isa = PBXGroup;
			children = (
				3A1B542A28695712005E9BDA /* Assets.xcassets */,
			);
			path = "tic_tac_toe WatchKit App";
			sourceTree = "<group>";
		};
		3A1B543428695713005E9BDA /* tic_tac_toe WatchKit Extension */ = {
			isa = PBXGroup;
			children = (
				3A1B543528695713005E9BDA /* tic_tac_toeApp.swift */,
				3A1B543728695713005E9BDA /* ContentView.swift */,
				3A1B543928695713005E9BDA /* NotificationController.swift */,
				3A1B543B28695713005E9BDA /* NotificationView.swift */,
				3A1B543D28695713005E9BDA /* ComplicationController.swift */,
				3A1B543F28695714005E9BDA /* Assets.xcassets */,
				3A1B544428695714005E9BDA /* Info.plist */,
				3A1B544528695714005E9BDA /* PushNotificationPayload.apns */,
				3A1B544128695714005E9BDA /* Preview Content */,
			);
			path = "tic_tac_toe WatchKit Extension";
			sourceTree = "<group>";
		};
		3A1B544128695714005E9BDA /* Preview Content */ = {
			isa = PBXGroup;
			children = (
				3A1B544228695714005E9BDA /* Preview Assets.xcassets */,
			);
			path = "Preview Content";
			sourceTree = "<group>";
		};
		3A1B544D28695714005E9BDA /* tic_tac_toeTests */ = {
			isa = PBXGroup;
			children = (
				3A1B544E28695714005E9BDA /* tic_tac_toeTests.swift */,
			);
			path = tic_tac_toeTests;
			sourceTree = "<group>";
		};
		3A1B545728695714005E9BDA /* tic_tac_toeUITests */ = {
			isa = PBXGroup;
			children = (
				3A1B545828695714005E9BDA /* tic_tac_toeUITests.swift */,
				3A1B545A28695714005E9BDA /* tic_tac_toeUITestsLaunchTests.swift */,
			);
			path = tic_tac_toeUITests;
			sourceTree = "<group>";
		};
/* End PBXGroup section */

/* Begin PBXNativeTarget section */
		3A1B542028695710005E9BDA /* tic_tac_toe */ = {
			isa = PBXNativeTarget;
			buildConfigurationList = 3A1B546628695714005E9BDA /* Build configuration list for PBXNativeTarget "tic_tac_toe" */;
			buildPhases = (
				3A1B541F28695710005E9BDA /* Resources */,
				3A1B546528695714005E9BDA /* Embed Watch Content */,
			);
			buildRules = (
			);
			dependencies = (
				3A1B542828695710005E9BDA /* PBXTargetDependency */,
			);
			name = tic_tac_toe;
			productName = tic_tac_toe;
			productReference = 3A1B542128695710005E9BDA /* tic_tac_toe.app */;
			productType = "com.apple.product-type.application.watchapp2-container";
		};
		3A1B542428695710005E9BDA /* tic_tac_toe WatchKit App */ = {
			isa = PBXNativeTarget;
			buildConfigurationList = 3A1B546228695714005E9BDA /* Build configuration list for PBXNativeTarget "tic_tac_toe WatchKit App" */;
			buildPhases = (
				3A1B542328695710005E9BDA /* Resources */,
				3A1B546128695714005E9BDA /* Embed App Extensions */,
			);
			buildRules = (
			);
			dependencies = (
				3A1B543328695713005E9BDA /* PBXTargetDependency */,
			);
			name = "tic_tac_toe WatchKit App";
			productName = "tic_tac_toe WatchKit App";
			productReference = 3A1B542528695710005E9BDA /* tic_tac_toe WatchKit App.app */;
			productType = "com.apple.product-type.application.watchapp2";
		};
		3A1B542F28695713005E9BDA /* tic_tac_toe WatchKit Extension */ = {
			isa = PBXNativeTarget;
			buildConfigurationList = 3A1B545E28695714005E9BDA /* Build configuration list for PBXNativeTarget "tic_tac_toe WatchKit Extension" */;
			buildPhases = (
				3A1B542C28695713005E9BDA /* Sources */,
				3A1B542D28695713005E9BDA /* Frameworks */,
				3A1B542E28695713005E9BDA /* Resources */,
			);
			buildRules = (
			);
			dependencies = (
			);
			name = "tic_tac_toe WatchKit Extension";
			productName = "tic_tac_toe WatchKit Extension";
			productReference = 3A1B543028695713005E9BDA /* tic_tac_toe WatchKit Extension.appex */;
			productType = "com.apple.product-type.watchkit2-extension";
		};
		3A1B544928695714005E9BDA /* tic_tac_toeTests */ = {
			isa = PBXNativeTarget;
			buildConfigurationList = 3A1B546928695714005E9BDA /* Build configuration list for PBXNativeTarget "tic_tac_toeTests" */;
			buildPhases = (
				3A1B544628695714005E9BDA /* Sources */,
				3A1B544728695714005E9BDA /* Frameworks */,
				3A1B544828695714005E9BDA /* Resources */,
			);
			buildRules = (
			);
			dependencies = (
				3A1B544C28695714005E9BDA /* PBXTargetDependency */,
			);
			name = tic_tac_toeTests;
			productName = tic_tac_toeTests;
			productReference = 3A1B544A28695714005E9BDA /* tic_tac_toeTests.xctest */;
			productType = "com.apple.product-type.bundle.unit-test";
		};
		3A1B545328695714005E9BDA /* tic_tac_toeUITests */ = {
			isa = PBXNativeTarget;
			buildConfigurationList = 3A1B546C28695714005E9BDA /* Build configuration list for PBXNativeTarget "tic_tac_toeUITests" */;
			buildPhases = (
				3A1B545028695714005E9BDA /* Sources */,
				3A1B545128695714005E9BDA /* Frameworks */,
				3A1B545228695714005E9BDA /* Resources */,
			);
			buildRules = (
			);
			dependencies = (
				3A1B545628695714005E9BDA /* PBXTargetDependency */,
			);
			name = tic_tac_toeUITests;
			productName = tic_tac_toeUITests;
			productReference = 3A1B545428695714005E9BDA /* tic_tac_toeUITests.xctest */;
			productType = "com.apple.product-type.bundle.ui-testing";
		};
/* End PBXNativeTarget section */

/* Begin PBXProject section */
		3A1B541B28695710005E9BDA /* Project object */ = {
			isa = PBXProject;
			attributes = {
				BuildIndependentTargetsInParallel = 1;
				LastSwiftUpdateCheck = 1340;
				LastUpgradeCheck = 1340;
				TargetAttributes = {
					3A1B542028695710005E9BDA = {
						CreatedOnToolsVersion = 13.4.1;
					};
					3A1B542428695710005E9BDA = {
						CreatedOnToolsVersion = 13.4.1;
					};
					3A1B542F28695713005E9BDA = {
						CreatedOnToolsVersion = 13.4.1;
					};
					3A1B544928695714005E9BDA = {
						CreatedOnToolsVersion = 13.4.1;
						TestTargetID = 3A1B542F28695713005E9BDA;
					};
					3A1B545328695714005E9BDA = {
						CreatedOnToolsVersion = 13.4.1;
						TestTargetID = 3A1B542428695710005E9BDA;
					};
				};
			};
			buildConfigurationList = 3A1B541E28695710005E9BDA /* Build configuration list for PBXProject "tic_tac_toe" */;
			compatibilityVersion = "Xcode 13.0";
			developmentRegion = en;
			hasScannedForEncodings = 0;
			knownRegions = (
				en,
				Base,
			);
			mainGroup = 3A1B541A28695710005E9BDA;
			productRefGroup = 3A1B542228695710005E9BDA /* Products */;
			projectDirPath = "";
			projectRoot = "";
			targets = (
				3A1B542028695710005E9BDA /* tic_tac_toe */,
				3A1B542428695710005E9BDA /* tic_tac_toe WatchKit App */,
				3A1B542F28695713005E9BDA /* tic_tac_toe WatchKit Extension */,
				3A1B544928695714005E9BDA /* tic_tac_toeTests */,
				3A1B545328695714005E9BDA /* tic_tac_toeUITests */,
			);
		};
/* End PBXProject section */

/* Begin PBXResourcesBuildPhase section */
		3A1B541F28695710005E9BDA /* Resources */ = {
			isa = PBXResourcesBuildPhase;
			buildActionMask = 2147483647;
			files = (
			);
			runOnlyForDeploymentPostprocessing = 0;
		};
		3A1B542328695710005E9BDA /* Resources */ = {
			isa = PBXResourcesBuildPhase;
			buildActionMask = 2147483647;
			files = (
				3A1B542B28695712005E9BDA /* Assets.xcassets in Resources */,
			);
			runOnlyForDeploymentPostprocessing = 0;
		};
		3A1B542E28695713005E9BDA /* Resources */ = {
			isa = PBXResourcesBuildPhase;
			buildActionMask = 2147483647;
			files = (
				3A1B544328695714005E9BDA /* Preview Assets.xcassets in Resources */,
				3A1B544028695714005E9BDA /* Assets.xcassets in Resources */,
			);
			runOnlyForDeploymentPostprocessing = 0;
		};
		3A1B544828695714005E9BDA /* Resources */ = {
			isa = PBXResourcesBuildPhase;
			buildActionMask = 2147483647;
			files = (
			);
			runOnlyForDeploymentPostprocessing = 0;
		};
		3A1B545228695714005E9BDA /* Resources */ = {
			isa = PBXResourcesBuildPhase;
			buildActionMask = 2147483647;
			files = (
			);
			runOnlyForDeploymentPostprocessing = 0;
		};
/* End PBXResourcesBuildPhase section */

/* Begin PBXSourcesBuildPhase section */
		3A1B542C28695713005E9BDA /* Sources */ = {
			isa = PBXSourcesBuildPhase;
			buildActionMask = 2147483647;
			files = (
				3A1B543A28695713005E9BDA /* NotificationController.swift in Sources */,
				3A1B543828695713005E9BDA /* ContentView.swift in Sources */,
				3A1B543E28695713005E9BDA /* ComplicationController.swift in Sources */,
				3A1B543628695713005E9BDA /* tic_tac_toeApp.swift in Sources */,
				3A1B543C28695713005E9BDA /* NotificationView.swift in Sources */,
			);
			runOnlyForDeploymentPostprocessing = 0;
		};
		3A1B544628695714005E9BDA /* Sources */ = {
			isa = PBXSourcesBuildPhase;
			buildActionMask = 2147483647;
			files = (
				3A1B544F28695714005E9BDA /* tic_tac_toeTests.swift in Sources */,
			);
			runOnlyForDeploymentPostprocessing = 0;
		};
		3A1B545028695714005E9BDA /* Sources */ = {
			isa = PBXSourcesBuildPhase;
			buildActionMask = 2147483647;
			files = (
				3A1B545928695714005E9BDA /* tic_tac_toeUITests.swift in Sources */,
				3A1B545B28695714005E9BDA /* tic_tac_toeUITestsLaunchTests.swift in Sources */,
			);
			runOnlyForDeploymentPostprocessing = 0;
		};
/* End PBXSourcesBuildPhase section */

/* Begin PBXTargetDependency section */
		3A1B542828695710005E9BDA /* PBXTargetDependency */ = {
			isa = PBXTargetDependency;
			target = 3A1B542428695710005E9BDA /* tic_tac_toe WatchKit App */;
			targetProxy = 3A1B542728695710005E9BDA /* PBXContainerItemProxy */;
		};
		3A1B543328695713005E9BDA /* PBXTargetDependency */ = {
			isa = PBXTargetDependency;
			target = 3A1B542F28695713005E9BDA /* tic_tac_toe WatchKit Extension */;
			targetProxy = 3A1B543228695713005E9BDA /* PBXContainerItemProxy */;
		};
		3A1B544C28695714005E9BDA /* PBXTargetDependency */ = {
			isa = PBXTargetDependency;
			target = 3A1B542F28695713005E9BDA /* tic_tac_toe WatchKit Extension */;
			targetProxy = 3A1B544B28695714005E9BDA /* PBXContainerItemProxy */;
		};
		3A1B545628695714005E9BDA /* PBXTargetDependency */ = {
			isa = PBXTargetDependency;
			target = 3A1B542428695710005E9BDA /* tic_tac_toe WatchKit App */;
			targetProxy = 3A1B545528695714005E9BDA /* PBXContainerItemProxy */;
		};
/* End PBXTargetDependency section */

/* Begin XCBuildConfiguration section */
		3A1B545C28695714005E9BDA /* Debug */ = {
			isa = XCBuildConfiguration;
			buildSettings = {
				ALWAYS_SEARCH_USER_PATHS = NO;
				CLANG_ANALYZER_NONNULL = YES;
				CLANG_ANALYZER_NUMBER_OBJECT_CONVERSION = YES_AGGRESSIVE;
				CLANG_CXX_LANGUAGE_STANDARD = "gnu++17";
				CLANG_ENABLE_MODULES = YES;
				CLANG_ENABLE_OBJC_ARC = YES;
				CLANG_ENABLE_OBJC_WEAK = YES;
				CLANG_WARN_BLOCK_CAPTURE_AUTORELEASING = YES;
				CLANG_WARN_BOOL_CONVERSION = YES;
				CLANG_WARN_COMMA = YES;
				CLANG_WARN_CONSTANT_CONVERSION = YES;
				CLANG_WARN_DEPRECATED_OBJC_IMPLEMENTATIONS = YES;
				CLANG_WARN_DIRECT_OBJC_ISA_USAGE = YES_ERROR;
				CLANG_WARN_DOCUMENTATION_COMMENTS = YES;
				CLANG_WARN_EMPTY_BODY = YES;
				CLANG_WARN_ENUM_CONVERSION = YES;
				CLANG_WARN_INFINITE_RECURSION = YES;
				CLANG_WARN_INT_CONVERSION = YES;
				CLANG_WARN_NON_LITERAL_NULL_CONVERSION = YES;
				CLANG_WARN_OBJC_IMPLICIT_RETAIN_SELF = YES;
				CLANG_WARN_OBJC_LITERAL_CONVERSION = YES;
				CLANG_WARN_OBJC_ROOT_CLASS = YES_ERROR;
				CLANG_WARN_QUOTED_INCLUDE_IN_FRAMEWORK_HEADER = YES;
				CLANG_WARN_RANGE_LOOP_ANALYSIS = YES;
				CLANG_WARN_STRICT_PROTOTYPES = YES;
				CLANG_WARN_SUSPICIOUS_MOVE = YES;
				CLANG_WARN_UNGUARDED_AVAILABILITY = YES_AGGRESSIVE;
				CLANG_WARN_UNREACHABLE_CODE = YES;
				CLANG_WARN__DUPLICATE_METHOD_MATCH = YES;
				COPY_PHASE_STRIP = NO;
				DEBUG_INFORMATION_FORMAT = dwarf;
				ENABLE_STRICT_OBJC_MSGSEND = YES;
				ENABLE_TESTABILITY = YES;
				GCC_C_LANGUAGE_STANDARD = gnu11;
				GCC_DYNAMIC_NO_PIC = NO;
				GCC_NO_COMMON_BLOCKS = YES;
				GCC_OPTIMIZATION_LEVEL = 0;
				GCC_PREPROCESSOR_DEFINITIONS = (
					"DEBUG=1",
					"$(inherited)",
				);
				GCC_WARN_64_TO_32_BIT_CONVERSION = YES;
				GCC_WARN_ABOUT_RETURN_TYPE = YES_ERROR;
				GCC_WARN_UNDECLARED_SELECTOR = YES;
				GCC_WARN_UNINITIALIZED_AUTOS = YES_AGGRESSIVE;
				GCC_WARN_UNUSED_FUNCTION = YES;
				GCC_WARN_UNUSED_VARIABLE = YES;
				MTL_ENABLE_DEBUG_INFO = INCLUDE_SOURCE;
				MTL_FAST_MATH = YES;
				ONLY_ACTIVE_ARCH = YES;
				SDKROOT = iphoneos;
				SWIFT_ACTIVE_COMPILATION_CONDITIONS = DEBUG;
				SWIFT_OPTIMIZATION_LEVEL = "-Onone";
			};
			name = Debug;
		};
		3A1B545D28695714005E9BDA /* Release */ = {
			isa = XCBuildConfiguration;
			buildSettings = {
				ALWAYS_SEARCH_USER_PATHS = NO;
				CLANG_ANALYZER_NONNULL = YES;
				CLANG_ANALYZER_NUMBER_OBJECT_CONVERSION = YES_AGGRESSIVE;
				CLANG_CXX_LANGUAGE_STANDARD = "gnu++17";
				CLANG_ENABLE_MODULES = YES;
				CLANG_ENABLE_OBJC_ARC = YES;
				CLANG_ENABLE_OBJC_WEAK = YES;
				CLANG_WARN_BLOCK_CAPTURE_AUTORELEASING = YES;
				CLANG_WARN_BOOL_CONVERSION = YES;
				CLANG_WARN_COMMA = YES;
				CLANG_WARN_CONSTANT_CONVERSION = YES;
				CLANG_WARN_DEPRECATED_OBJC_IMPLEMENTATIONS = YES;
				CLANG_WARN_DIRECT_OBJC_ISA_USAGE = YES_ERROR;
				CLANG_WARN_DOCUMENTATION_COMMENTS = YES;
				CLANG_WARN_EMPTY_BODY = YES;
				CLANG_WARN_ENUM_CONVERSION = YES;
				CLANG_WARN_INFINITE_RECURSION = YES;
				CLANG_WARN_INT_CONVERSION = YES;
				CLANG_WARN_NON_LITERAL_NULL_CONVERSION = YES;
				CLANG_WARN_OBJC_IMPLICIT_RETAIN_SELF = YES;
				CLANG_WARN_OBJC_LITERAL_CONVERSION = YES;
				CLANG_WARN_OBJC_ROOT_CLASS = YES_ERROR;
				CLANG_WARN_QUOTED_INCLUDE_IN_FRAMEWORK_HEADER = YES;
				CLANG_WARN_RANGE_LOOP_ANALYSIS = YES;
				CLANG_WARN_STRICT_PROTOTYPES = YES;
				CLANG_WARN_SUSPICIOUS_MOVE = YES;
				CLANG_WARN_UNGUARDED_AVAILABILITY = YES_AGGRESSIVE;
				CLANG_WARN_UNREACHABLE_CODE = YES;
				CLANG_WARN__DUPLICATE_METHOD_MATCH = YES;
				COPY_PHASE_STRIP = NO;
				DEBUG_INFORMATION_FORMAT = "dwarf-with-dsym";
				ENABLE_NS_ASSERTIONS = NO;
				ENABLE_STRICT_OBJC_MSGSEND = YES;
				GCC_C_LANGUAGE_STANDARD = gnu11;
				GCC_NO_COMMON_BLOCKS = YES;
				GCC_WARN_64_TO_32_BIT_CONVERSION = YES;
				GCC_WARN_ABOUT_RETURN_TYPE = YES_ERROR;
				GCC_WARN_UNDECLARED_SELECTOR = YES;
				GCC_WARN_UNINITIALIZED_AUTOS = YES_AGGRESSIVE;
				GCC_WARN_UNUSED_FUNCTION = YES;
				GCC_WARN_UNUSED_VARIABLE = YES;
				MTL_ENABLE_DEBUG_INFO = NO;
				MTL_FAST_MATH = YES;
				SDKROOT = iphoneos;
				SWIFT_COMPILATION_MODE = wholemodule;
				SWIFT_OPTIMIZATION_LEVEL = "-O";
				VALIDATE_PRODUCT = YES;
			};
			name = Release;
		};
		3A1B545F28695714005E9BDA /* Debug */ = {
			isa = XCBuildConfiguration;
			buildSettings = {
				ASSETCATALOG_COMPILER_COMPLICATION_NAME = Complication;
				CODE_SIGN_STYLE = Automatic;
				CURRENT_PROJECT_VERSION = 1;
				DEVELOPMENT_ASSET_PATHS = "\"tic_tac_toe WatchKit Extension/Preview Content\"";
				DEVELOPMENT_TEAM = 43AH39WPQ5;
				ENABLE_PREVIEWS = YES;
				GENERATE_INFOPLIST_FILE = YES;
				INFOPLIST_FILE = "tic_tac_toe WatchKit Extension/Info.plist";
				INFOPLIST_KEY_CFBundleDisplayName = "tic_tac_toe WatchKit Extension";
				INFOPLIST_KEY_CLKComplicationPrincipalClass = "$(PRODUCT_MODULE_NAME).ComplicationController";
				INFOPLIST_KEY_NSHumanReadableCopyright = "";
				INFOPLIST_KEY_WKWatchOnly = YES;
				LD_RUNPATH_SEARCH_PATHS = (
					"$(inherited)",
					"@executable_path/Frameworks",
					"@executable_path/../../Frameworks",
				);
				MARKETING_VERSION = 1.0;
				PRODUCT_BUNDLE_IDENTIFIER = "czg.tic-tac-toe.watchkitapp.watchkitextension";
				PRODUCT_NAME = "${TARGET_NAME}";
				SDKROOT = watchos;
				SKIP_INSTALL = YES;
				SWIFT_EMIT_LOC_STRINGS = YES;
				SWIFT_VERSION = 5.0;
				TARGETED_DEVICE_FAMILY = 4;
				WATCHOS_DEPLOYMENT_TARGET = 8.5;
			};
			name = Debug;
		};
		3A1B546028695714005E9BDA /* Release */ = {
			isa = XCBuildConfiguration;
			buildSettings = {
				ASSETCATALOG_COMPILER_COMPLICATION_NAME = Complication;
				CODE_SIGN_STYLE = Automatic;
				CURRENT_PROJECT_VERSION = 1;
				DEVELOPMENT_ASSET_PATHS = "\"tic_tac_toe WatchKit Extension/Preview Content\"";
				DEVELOPMENT_TEAM = 43AH39WPQ5;
				ENABLE_PREVIEWS = YES;
				GENERATE_INFOPLIST_FILE = YES;
				INFOPLIST_FILE = "tic_tac_toe WatchKit Extension/Info.plist";
				INFOPLIST_KEY_CFBundleDisplayName = "tic_tac_toe WatchKit Extension";
				INFOPLIST_KEY_CLKComplicationPrincipalClass = "$(PRODUCT_MODULE_NAME).ComplicationController";
				INFOPLIST_KEY_NSHumanReadableCopyright = "";
				INFOPLIST_KEY_WKWatchOnly = YES;
				LD_RUNPATH_SEARCH_PATHS = (
					"$(inherited)",
					"@executable_path/Frameworks",
					"@executable_path/../../Frameworks",
				);
				MARKETING_VERSION = 1.0;
				PRODUCT_BUNDLE_IDENTIFIER = "czg.tic-tac-toe.watchkitapp.watchkitextension";
				PRODUCT_NAME = "${TARGET_NAME}";
				SDKROOT = watchos;
				SKIP_INSTALL = YES;
				SWIFT_EMIT_LOC_STRINGS = YES;
				SWIFT_VERSION = 5.0;
				TARGETED_DEVICE_FAMILY = 4;
				WATCHOS_DEPLOYMENT_TARGET = 8.5;
			};
			name = Release;
		};
		3A1B546328695714005E9BDA /* Debug */ = {
			isa = XCBuildConfiguration;
			buildSettings = {
				ALWAYS_EMBED_SWIFT_STANDARD_LIBRARIES = YES;
				ASSETCATALOG_COMPILER_APPICON_NAME = AppIcon;
				ASSETCATALOG_COMPILER_GLOBAL_ACCENT_COLOR_NAME = AccentColor;
				CODE_SIGN_STYLE = Automatic;
				CURRENT_PROJECT_VERSION = 1;
				DEVELOPMENT_TEAM = 43AH39WPQ5;
				GENERATE_INFOPLIST_FILE = YES;
				IBSC_MODULE = tic_tac_toe_WatchKit_Extension;
				INFOPLIST_KEY_CFBundleDisplayName = "tic_tac_toe WatchKit App";
				INFOPLIST_KEY_UISupportedInterfaceOrientations = "UIInterfaceOrientationPortrait UIInterfaceOrientationPortraitUpsideDown";
				MARKETING_VERSION = 1.0;
				PRODUCT_BUNDLE_IDENTIFIER = "czg.tic-tac-toe.watchkitapp";
				PRODUCT_NAME = "$(TARGET_NAME)";
				SDKROOT = watchos;
				SKIP_INSTALL = YES;
				SWIFT_EMIT_LOC_STRINGS = YES;
				SWIFT_VERSION = 5.0;
				TARGETED_DEVICE_FAMILY = 4;
				WATCHOS_DEPLOYMENT_TARGET = 8.5;
			};
			name = Debug;
		};
		3A1B546428695714005E9BDA /* Release */ = {
			isa = XCBuildConfiguration;
			buildSettings = {
				ALWAYS_EMBED_SWIFT_STANDARD_LIBRARIES = YES;
				ASSETCATALOG_COMPILER_APPICON_NAME = AppIcon;
				ASSETCATALOG_COMPILER_GLOBAL_ACCENT_COLOR_NAME = AccentColor;
				CODE_SIGN_STYLE = Automatic;
				CURRENT_PROJECT_VERSION = 1;
				DEVELOPMENT_TEAM = 43AH39WPQ5;
				GENERATE_INFOPLIST_FILE = YES;
				IBSC_MODULE = tic_tac_toe_WatchKit_Extension;
				INFOPLIST_KEY_CFBundleDisplayName = "tic_tac_toe WatchKit App";
				INFOPLIST_KEY_UISupportedInterfaceOrientations = "UIInterfaceOrientationPortrait UIInterfaceOrientationPortraitUpsideDown";
				MARKETING_VERSION = 1.0;
				PRODUCT_BUNDLE_IDENTIFIER = "czg.tic-tac-toe.watchkitapp";
				PRODUCT_NAME = "$(TARGET_NAME)";
				SDKROOT = watchos;
				SKIP_INSTALL = YES;
				SWIFT_EMIT_LOC_STRINGS = YES;
				SWIFT_VERSION = 5.0;
				TARGETED_DEVICE_FAMILY = 4;
				WATCHOS_DEPLOYMENT_TARGET = 8.5;
			};
			name = Release;
		};
		3A1B546728695714005E9BDA /* Debug */ = {
			isa = XCBuildConfiguration;
			buildSettings = {
				CODE_SIGN_STYLE = Automatic;
				CURRENT_PROJECT_VERSION = 1;
				DEVELOPMENT_TEAM = 43AH39WPQ5;
				MARKETING_VERSION = 1.0;
				PRODUCT_BUNDLE_IDENTIFIER = "czg.tic-tac-toe";
				PRODUCT_NAME = "$(TARGET_NAME)";
				SWIFT_VERSION = 5.0;
			};
			name = Debug;
		};
		3A1B546828695714005E9BDA /* Release */ = {
			isa = XCBuildConfiguration;
			buildSettings = {
				CODE_SIGN_STYLE = Automatic;
				CURRENT_PROJECT_VERSION = 1;
				DEVELOPMENT_TEAM = 43AH39WPQ5;
				MARKETING_VERSION = 1.0;
				PRODUCT_BUNDLE_IDENTIFIER = "czg.tic-tac-toe";
				PRODUCT_NAME = "$(TARGET_NAME)";
				SWIFT_VERSION = 5.0;
			};
			name = Release;
		};
		3A1B546A28695714005E9BDA /* Debug */ = {
			isa = XCBuildConfiguration;
			buildSettings = {
				ALWAYS_EMBED_SWIFT_STANDARD_LIBRARIES = YES;
				BUNDLE_LOADER = "$(TEST_HOST)";
				CODE_SIGN_STYLE = Automatic;
				CURRENT_PROJECT_VERSION = 1;
				DEVELOPMENT_TEAM = 43AH39WPQ5;
				GENERATE_INFOPLIST_FILE = YES;
				MARKETING_VERSION = 1.0;
				PRODUCT_BUNDLE_IDENTIFIER = "czg.tic-tac-toeTests";
				PRODUCT_NAME = "$(TARGET_NAME)";
				SDKROOT = watchos;
				SWIFT_EMIT_LOC_STRINGS = NO;
				SWIFT_VERSION = 5.0;
				TARGETED_DEVICE_FAMILY = 4;
				TEST_HOST = "$(BUILT_PRODUCTS_DIR)/tic_tac_toe WatchKit Extension.appex/tic_tac_toe WatchKit Extension";
				WATCHOS_DEPLOYMENT_TARGET = 8.5;
			};
			name = Debug;
		};
		3A1B546B28695714005E9BDA /* Release */ = {
			isa = XCBuildConfiguration;
			buildSettings = {
				ALWAYS_EMBED_SWIFT_STANDARD_LIBRARIES = YES;
				BUNDLE_LOADER = "$(TEST_HOST)";
				CODE_SIGN_STYLE = Automatic;
				CURRENT_PROJECT_VERSION = 1;
				DEVELOPMENT_TEAM = 43AH39WPQ5;
				GENERATE_INFOPLIST_FILE = YES;
				MARKETING_VERSION = 1.0;
				PRODUCT_BUNDLE_IDENTIFIER = "czg.tic-tac-toeTests";
				PRODUCT_NAME = "$(TARGET_NAME)";
				SDKROOT = watchos;
				SWIFT_EMIT_LOC_STRINGS = NO;
				SWIFT_VERSION = 5.0;
				TARGETED_DEVICE_FAMILY = 4;
				TEST_HOST = "$(BUILT_PRODUCTS_DIR)/tic_tac_toe WatchKit Extension.appex/tic_tac_toe WatchKit Extension";
				WATCHOS_DEPLOYMENT_TARGET = 8.5;
			};
			name = Release;
		};
		3A1B546D28695714005E9BDA /* Debug */ = {
			isa = XCBuildConfiguration;
			buildSettings = {
				CODE_SIGN_STYLE = Automatic;
				CURRENT_PROJECT_VERSION = 1;
				DEVELOPMENT_TEAM = 43AH39WPQ5;
				GENERATE_INFOPLIST_FILE = YES;
				MARKETING_VERSION = 1.0;
				PRODUCT_BUNDLE_IDENTIFIER = "czg.tic-tac-toeUITests";
				PRODUCT_NAME = "$(TARGET_NAME)";
				SDKROOT = watchos;
				SWIFT_EMIT_LOC_STRINGS = NO;
				SWIFT_VERSION = 5.0;
				TARGETED_DEVICE_FAMILY = 4;
				TEST_TARGET_NAME = "tic_tac_toe WatchKit App";
				WATCHOS_DEPLOYMENT_TARGET = 8.5;
			};
			name = Debug;
		};
		3A1B546E28695714005E9BDA /* Release */ = {
			isa = XCBuildConfiguration;
			buildSettings = {
				CODE_SIGN_STYLE = Automatic;
				CURRENT_PROJECT_VERSION = 1;
				DEVELOPMENT_TEAM = 43AH39WPQ5;
				GENERATE_INFOPLIST_FILE = YES;
				MARKETING_VERSION = 1.0;
				PRODUCT_BUNDLE_IDENTIFIER = "czg.tic-tac-toeUITests";
				PRODUCT_NAME = "$(TARGET_NAME)";
				SDKROOT = watchos;
				SWIFT_EMIT_LOC_STRINGS = NO;
				SWIFT_VERSION = 5.0;
				TARGETED_DEVICE_FAMILY = 4;
				TEST_TARGET_NAME = "tic_tac_toe WatchKit App";
				WATCHOS_DEPLOYMENT_TARGET = 8.5;
			};
			name = Release;
		};
/* End XCBuildConfiguration section */

/* Begin XCConfigurationList section */
		3A1B541E28695710005E9BDA /* Build configuration list for PBXProject "tic_tac_toe" */ = {
			isa = XCConfigurationList;
			buildConfigurations = (
				3A1B545C28695714005E9BDA /* Debug */,
				3A1B545D28695714005E9BDA /* Release */,
			);
			defaultConfigurationIsVisible = 0;
			defaultConfigurationName = Release;
		};
		3A1B545E28695714005E9BDA /* Build configuration list for PBXNativeTarget "tic_tac_toe WatchKit Extension" */ = {
			isa = XCConfigurationList;
			buildConfigurations = (
				3A1B545F28695714005E9BDA /* Debug */,
				3A1B546028695714005E9BDA /* Release */,
			);
			defaultConfigurationIsVisible = 0;
			defaultConfigurationName = Release;
		};
		3A1B546228695714005E9BDA /* Build configuration list for PBXNativeTarget "tic_tac_toe WatchKit App" */ = {
			isa = XCConfigurationList;
			buildConfigurations = (
				3A1B546328695714005E9BDA /* Debug */,
				3A1B546428695714005E9BDA /* Release */,
			);
			defaultConfigurationIsVisible = 0;
			defaultConfigurationName = Release;
		};
		3A1B546628695714005E9BDA /* Build configuration list for PBXNativeTarget "tic_tac_toe" */ = {
			isa = XCConfigurationList;
			buildConfigurations = (
				3A1B546728695714005E9BDA /* Debug */,
				3A1B546828695714005E9BDA /* Release */,
			);
			defaultConfigurationIsVisible = 0;
			defaultConfigurationName = Release;
		};
		3A1B546928695714005E9BDA /* Build configuration list for PBXNativeTarget "tic_tac_toeTests" */ = {
			isa = XCConfigurationList;
			buildConfigurations = (
				3A1B546A28695714005E9BDA /* Debug */,
				3A1B546B28695714005E9BDA /* Release */,
			);
			defaultConfigurationIsVisible = 0;
			defaultConfigurationName = Release;
		};
		3A1B546C28695714005E9BDA /* Build configuration list for PBXNativeTarget "tic_tac_toeUITests" */ = {
			isa = XCConfigurationList;
			buildConfigurations = (
				3A1B546D28695714005E9BDA /* Debug */,
				3A1B546E28695714005E9BDA /* Release */,
			);
			defaultConfigurationIsVisible = 0;
			defaultConfigurationName = Release;
		};
/* End XCConfigurationList section */
	};
	rootObject = 3A1B541B28695710005E9BDA /* Project object */;
}
