// !$*UTF8*$!
{
	archiveVersion = 1;
	classes = {
	};
	objectVersion = 56;
	objects = {

/* Begin PBXBuildFile section */
		3A74CCBB28E1BA0A00A98BB9 /* TicTacToe Watch App.app in Embed Watch Content */ = {isa = PBXBuildFile; fileRef = 3A74CCBA28E1BA0A00A98BB9 /* TicTacToe Watch App.app */; settings = {ATTRIBUTES = (RemoveHeadersOnCopy, ); }; };
		3A74CCC028E1BA0A00A98BB9 /* TicTacToeApp.swift in Sources */ = {isa = PBXBuildFile; fileRef = 3A74CCBF28E1BA0A00A98BB9 /* TicTacToeApp.swift */; };
		3A74CCC228E1BA0A00A98BB9 /* ContentView.swift in Sources */ = {isa = PBXBuildFile; fileRef = 3A74CCC128E1BA0A00A98BB9 /* ContentView.swift */; };
		3A74CCC428E1BA0C00A98BB9 /* Assets.xcassets in Resources */ = {isa = PBXBuildFile; fileRef = 3A74CCC328E1BA0C00A98BB9 /* Assets.xcassets */; };
		3A74CCC728E1BA0C00A98BB9 /* Preview Assets.xcassets in Resources */ = {isa = PBXBuildFile; fileRef = 3A74CCC628E1BA0C00A98BB9 /* Preview Assets.xcassets */; };
		3A74CCD128E1BA0C00A98BB9 /* TicTacToe_Watch_AppTests.swift in Sources */ = {isa = PBXBuildFile; fileRef = 3A74CCD028E1BA0C00A98BB9 /* TicTacToe_Watch_AppTests.swift */; };
		3A74CCDB28E1BA0C00A98BB9 /* TicTacToe_Watch_AppUITests.swift in Sources */ = {isa = PBXBuildFile; fileRef = 3A74CCDA28E1BA0C00A98BB9 /* TicTacToe_Watch_AppUITests.swift */; };
		3A74CCDD28E1BA0C00A98BB9 /* TicTacToe_Watch_AppUITestsLaunchTests.swift in Sources */ = {isa = PBXBuildFile; fileRef = 3A74CCDC28E1BA0C00A98BB9 /* TicTacToe_Watch_AppUITestsLaunchTests.swift */; };
		3A74CCEF28E1BAA400A98BB9 /* Cell.swift in Sources */ = {isa = PBXBuildFile; fileRef = 3A74CCEE28E1BAA400A98BB9 /* Cell.swift */; };
/* End PBXBuildFile section */

/* Begin PBXContainerItemProxy section */
		3A74CCBC28E1BA0A00A98BB9 /* PBXContainerItemProxy */ = {
			isa = PBXContainerItemProxy;
			containerPortal = 3A74CCAE28E1BA0900A98BB9 /* Project object */;
			proxyType = 1;
			remoteGlobalIDString = 3A74CCB928E1BA0A00A98BB9;
			remoteInfo = "TicTacToe Watch App";
		};
		3A74CCCD28E1BA0C00A98BB9 /* PBXContainerItemProxy */ = {
			isa = PBXContainerItemProxy;
			containerPortal = 3A74CCAE28E1BA0900A98BB9 /* Project object */;
			proxyType = 1;
			remoteGlobalIDString = 3A74CCB928E1BA0A00A98BB9;
			remoteInfo = "TicTacToe Watch App";
		};
		3A74CCD728E1BA0C00A98BB9 /* PBXContainerItemProxy */ = {
			isa = PBXContainerItemProxy;
			containerPortal = 3A74CCAE28E1BA0900A98BB9 /* Project object */;
			proxyType = 1;
			remoteGlobalIDString = 3A74CCB928E1BA0A00A98BB9;
			remoteInfo = "TicTacToe Watch App";
		};
/* End PBXContainerItemProxy section */

/* Begin PBXCopyFilesBuildPhase section */
		3A74CCE328E1BA0C00A98BB9 /* Embed Watch Content */ = {
			isa = PBXCopyFilesBuildPhase;
			buildActionMask = 2147483647;
			dstPath = "$(CONTENTS_FOLDER_PATH)/Watch";
			dstSubfolderSpec = 16;
			files = (
				3A74CCBB28E1BA0A00A98BB9 /* TicTacToe Watch App.app in Embed Watch Content */,
			);
			name = "Embed Watch Content";
			runOnlyForDeploymentPostprocessing = 0;
		};
/* End PBXCopyFilesBuildPhase section */

/* Begin PBXFileReference section */
		3A74CCB428E1BA0A00A98BB9 /* TicTacToe.app */ = {isa = PBXFileReference; explicitFileType = wrapper.application; includeInIndex = 0; path = TicTacToe.app; sourceTree = BUILT_PRODUCTS_DIR; };
		3A74CCBA28E1BA0A00A98BB9 /* TicTacToe Watch App.app */ = {isa = PBXFileReference; explicitFileType = wrapper.application; includeInIndex = 0; path = "TicTacToe Watch App.app"; sourceTree = BUILT_PRODUCTS_DIR; };
		3A74CCBF28E1BA0A00A98BB9 /* TicTacToeApp.swift */ = {isa = PBXFileReference; lastKnownFileType = sourcecode.swift; path = TicTacToeApp.swift; sourceTree = "<group>"; };
		3A74CCC128E1BA0A00A98BB9 /* ContentView.swift */ = {isa = PBXFileReference; lastKnownFileType = sourcecode.swift; path = ContentView.swift; sourceTree = "<group>"; };
		3A74CCC328E1BA0C00A98BB9 /* Assets.xcassets */ = {isa = PBXFileReference; lastKnownFileType = folder.assetcatalog; path = Assets.xcassets; sourceTree = "<group>"; };
		3A74CCC628E1BA0C00A98BB9 /* Preview Assets.xcassets */ = {isa = PBXFileReference; lastKnownFileType = folder.assetcatalog; path = "Preview Assets.xcassets"; sourceTree = "<group>"; };
		3A74CCCC28E1BA0C00A98BB9 /* TicTacToe Watch AppTests.xctest */ = {isa = PBXFileReference; explicitFileType = wrapper.cfbundle; includeInIndex = 0; path = "TicTacToe Watch AppTests.xctest"; sourceTree = BUILT_PRODUCTS_DIR; };
		3A74CCD028E1BA0C00A98BB9 /* TicTacToe_Watch_AppTests.swift */ = {isa = PBXFileReference; lastKnownFileType = sourcecode.swift; path = TicTacToe_Watch_AppTests.swift; sourceTree = "<group>"; };
		3A74CCD628E1BA0C00A98BB9 /* TicTacToe Watch AppUITests.xctest */ = {isa = PBXFileReference; explicitFileType = wrapper.cfbundle; includeInIndex = 0; path = "TicTacToe Watch AppUITests.xctest"; sourceTree = BUILT_PRODUCTS_DIR; };
		3A74CCDA28E1BA0C00A98BB9 /* TicTacToe_Watch_AppUITests.swift */ = {isa = PBXFileReference; lastKnownFileType = sourcecode.swift; path = TicTacToe_Watch_AppUITests.swift; sourceTree = "<group>"; };
		3A74CCDC28E1BA0C00A98BB9 /* TicTacToe_Watch_AppUITestsLaunchTests.swift */ = {isa = PBXFileReference; lastKnownFileType = sourcecode.swift; path = TicTacToe_Watch_AppUITestsLaunchTests.swift; sourceTree = "<group>"; };
		3A74CCEE28E1BAA400A98BB9 /* Cell.swift */ = {isa = PBXFileReference; lastKnownFileType = sourcecode.swift; path = Cell.swift; sourceTree = "<group>"; };
/* End PBXFileReference section */

/* Begin PBXFrameworksBuildPhase section */
		3A74CCB728E1BA0A00A98BB9 /* Frameworks */ = {
			isa = PBXFrameworksBuildPhase;
			buildActionMask = 2147483647;
			files = (
			);
			runOnlyForDeploymentPostprocessing = 0;
		};
		3A74CCC928E1BA0C00A98BB9 /* Frameworks */ = {
			isa = PBXFrameworksBuildPhase;
			buildActionMask = 2147483647;
			files = (
			);
			runOnlyForDeploymentPostprocessing = 0;
		};
		3A74CCD328E1BA0C00A98BB9 /* Frameworks */ = {
			isa = PBXFrameworksBuildPhase;
			buildActionMask = 2147483647;
			files = (
			);
			runOnlyForDeploymentPostprocessing = 0;
		};
/* End PBXFrameworksBuildPhase section */

/* Begin PBXGroup section */
		3A74CCAD28E1BA0900A98BB9 = {
			isa = PBXGroup;
			children = (
				3A74CCBE28E1BA0A00A98BB9 /* TicTacToe Watch App */,
				3A74CCCF28E1BA0C00A98BB9 /* TicTacToe Watch AppTests */,
				3A74CCD928E1BA0C00A98BB9 /* TicTacToe Watch AppUITests */,
				3A74CCB528E1BA0A00A98BB9 /* Products */,
			);
			sourceTree = "<group>";
		};
		3A74CCB528E1BA0A00A98BB9 /* Products */ = {
			isa = PBXGroup;
			children = (
				3A74CCB428E1BA0A00A98BB9 /* TicTacToe.app */,
				3A74CCBA28E1BA0A00A98BB9 /* TicTacToe Watch App.app */,
				3A74CCCC28E1BA0C00A98BB9 /* TicTacToe Watch AppTests.xctest */,
				3A74CCD628E1BA0C00A98BB9 /* TicTacToe Watch AppUITests.xctest */,
			);
			name = Products;
			sourceTree = "<group>";
		};
		3A74CCBE28E1BA0A00A98BB9 /* TicTacToe Watch App */ = {
			isa = PBXGroup;
			children = (
				3A74CCED28E1BA8200A98BB9 /* Components */,
				3A74CCBF28E1BA0A00A98BB9 /* TicTacToeApp.swift */,
				3A74CCC128E1BA0A00A98BB9 /* ContentView.swift */,
				3A74CCC328E1BA0C00A98BB9 /* Assets.xcassets */,
				3A74CCC528E1BA0C00A98BB9 /* Preview Content */,
			);
			path = "TicTacToe Watch App";
			sourceTree = "<group>";
		};
		3A74CCC528E1BA0C00A98BB9 /* Preview Content */ = {
			isa = PBXGroup;
			children = (
				3A74CCC628E1BA0C00A98BB9 /* Preview Assets.xcassets */,
			);
			path = "Preview Content";
			sourceTree = "<group>";
		};
		3A74CCCF28E1BA0C00A98BB9 /* TicTacToe Watch AppTests */ = {
			isa = PBXGroup;
			children = (
				3A74CCD028E1BA0C00A98BB9 /* TicTacToe_Watch_AppTests.swift */,
			);
			path = "TicTacToe Watch AppTests";
			sourceTree = "<group>";
		};
		3A74CCD928E1BA0C00A98BB9 /* TicTacToe Watch AppUITests */ = {
			isa = PBXGroup;
			children = (
				3A74CCDA28E1BA0C00A98BB9 /* TicTacToe_Watch_AppUITests.swift */,
				3A74CCDC28E1BA0C00A98BB9 /* TicTacToe_Watch_AppUITestsLaunchTests.swift */,
			);
			path = "TicTacToe Watch AppUITests";
			sourceTree = "<group>";
		};
		3A74CCED28E1BA8200A98BB9 /* Components */ = {
			isa = PBXGroup;
			children = (
				3A74CCEE28E1BAA400A98BB9 /* Cell.swift */,
			);
			path = Components;
			sourceTree = "<group>";
		};
/* End PBXGroup section */

/* Begin PBXNativeTarget section */
		3A74CCB328E1BA0A00A98BB9 /* TicTacToe */ = {
			isa = PBXNativeTarget;
			buildConfigurationList = 3A74CCE428E1BA0C00A98BB9 /* Build configuration list for PBXNativeTarget "TicTacToe" */;
			buildPhases = (
				3A74CCB228E1BA0A00A98BB9 /* Resources */,
				3A74CCE328E1BA0C00A98BB9 /* Embed Watch Content */,
			);
			buildRules = (
			);
			dependencies = (
				3A74CCBD28E1BA0A00A98BB9 /* PBXTargetDependency */,
			);
			name = TicTacToe;
			productName = TicTacToe;
			productReference = 3A74CCB428E1BA0A00A98BB9 /* TicTacToe.app */;
			productType = "com.apple.product-type.application.watchapp2-container";
		};
		3A74CCB928E1BA0A00A98BB9 /* TicTacToe Watch App */ = {
			isa = PBXNativeTarget;
			buildConfigurationList = 3A74CCE028E1BA0C00A98BB9 /* Build configuration list for PBXNativeTarget "TicTacToe Watch App" */;
			buildPhases = (
				3A74CCB628E1BA0A00A98BB9 /* Sources */,
				3A74CCB728E1BA0A00A98BB9 /* Frameworks */,
				3A74CCB828E1BA0A00A98BB9 /* Resources */,
			);
			buildRules = (
			);
			dependencies = (
			);
			name = "TicTacToe Watch App";
			productName = "TicTacToe Watch App";
			productReference = 3A74CCBA28E1BA0A00A98BB9 /* TicTacToe Watch App.app */;
			productType = "com.apple.product-type.application";
		};
		3A74CCCB28E1BA0C00A98BB9 /* TicTacToe Watch AppTests */ = {
			isa = PBXNativeTarget;
			buildConfigurationList = 3A74CCE728E1BA0C00A98BB9 /* Build configuration list for PBXNativeTarget "TicTacToe Watch AppTests" */;
			buildPhases = (
				3A74CCC828E1BA0C00A98BB9 /* Sources */,
				3A74CCC928E1BA0C00A98BB9 /* Frameworks */,
				3A74CCCA28E1BA0C00A98BB9 /* Resources */,
			);
			buildRules = (
			);
			dependencies = (
				3A74CCCE28E1BA0C00A98BB9 /* PBXTargetDependency */,
			);
			name = "TicTacToe Watch AppTests";
			productName = "TicTacToe Watch AppTests";
			productReference = 3A74CCCC28E1BA0C00A98BB9 /* TicTacToe Watch AppTests.xctest */;
			productType = "com.apple.product-type.bundle.unit-test";
		};
		3A74CCD528E1BA0C00A98BB9 /* TicTacToe Watch AppUITests */ = {
			isa = PBXNativeTarget;
			buildConfigurationList = 3A74CCEA28E1BA0C00A98BB9 /* Build configuration list for PBXNativeTarget "TicTacToe Watch AppUITests" */;
			buildPhases = (
				3A74CCD228E1BA0C00A98BB9 /* Sources */,
				3A74CCD328E1BA0C00A98BB9 /* Frameworks */,
				3A74CCD428E1BA0C00A98BB9 /* Resources */,
			);
			buildRules = (
			);
			dependencies = (
				3A74CCD828E1BA0C00A98BB9 /* PBXTargetDependency */,
			);
			name = "TicTacToe Watch AppUITests";
			productName = "TicTacToe Watch AppUITests";
			productReference = 3A74CCD628E1BA0C00A98BB9 /* TicTacToe Watch AppUITests.xctest */;
			productType = "com.apple.product-type.bundle.ui-testing";
		};
/* End PBXNativeTarget section */

/* Begin PBXProject section */
		3A74CCAE28E1BA0900A98BB9 /* Project object */ = {
			isa = PBXProject;
			attributes = {
				BuildIndependentTargetsInParallel = 1;
				LastSwiftUpdateCheck = 1400;
				LastUpgradeCheck = 1400;
				TargetAttributes = {
					3A74CCB328E1BA0A00A98BB9 = {
						CreatedOnToolsVersion = 14.0;
					};
					3A74CCB928E1BA0A00A98BB9 = {
						CreatedOnToolsVersion = 14.0;
					};
					3A74CCCB28E1BA0C00A98BB9 = {
						CreatedOnToolsVersion = 14.0;
						TestTargetID = 3A74CCB928E1BA0A00A98BB9;
					};
					3A74CCD528E1BA0C00A98BB9 = {
						CreatedOnToolsVersion = 14.0;
						TestTargetID = 3A74CCB928E1BA0A00A98BB9;
					};
				};
			};
			buildConfigurationList = 3A74CCB128E1BA0900A98BB9 /* Build configuration list for PBXProject "TicTacToe" */;
			compatibilityVersion = "Xcode 14.0";
			developmentRegion = en;
			hasScannedForEncodings = 0;
			knownRegions = (
				en,
				Base,
			);
			mainGroup = 3A74CCAD28E1BA0900A98BB9;
			productRefGroup = 3A74CCB528E1BA0A00A98BB9 /* Products */;
			projectDirPath = "";
			projectRoot = "";
			targets = (
				3A74CCB328E1BA0A00A98BB9 /* TicTacToe */,
				3A74CCB928E1BA0A00A98BB9 /* TicTacToe Watch App */,
				3A74CCCB28E1BA0C00A98BB9 /* TicTacToe Watch AppTests */,
				3A74CCD528E1BA0C00A98BB9 /* TicTacToe Watch AppUITests */,
			);
		};
/* End PBXProject section */

/* Begin PBXResourcesBuildPhase section */
		3A74CCB228E1BA0A00A98BB9 /* Resources */ = {
			isa = PBXResourcesBuildPhase;
			buildActionMask = 2147483647;
			files = (
			);
			runOnlyForDeploymentPostprocessing = 0;
		};
		3A74CCB828E1BA0A00A98BB9 /* Resources */ = {
			isa = PBXResourcesBuildPhase;
			buildActionMask = 2147483647;
			files = (
				3A74CCC728E1BA0C00A98BB9 /* Preview Assets.xcassets in Resources */,
				3A74CCC428E1BA0C00A98BB9 /* Assets.xcassets in Resources */,
			);
			runOnlyForDeploymentPostprocessing = 0;
		};
		3A74CCCA28E1BA0C00A98BB9 /* Resources */ = {
			isa = PBXResourcesBuildPhase;
			buildActionMask = 2147483647;
			files = (
			);
			runOnlyForDeploymentPostprocessing = 0;
		};
		3A74CCD428E1BA0C00A98BB9 /* Resources */ = {
			isa = PBXResourcesBuildPhase;
			buildActionMask = 2147483647;
			files = (
			);
			runOnlyForDeploymentPostprocessing = 0;
		};
/* End PBXResourcesBuildPhase section */

/* Begin PBXSourcesBuildPhase section */
		3A74CCB628E1BA0A00A98BB9 /* Sources */ = {
			isa = PBXSourcesBuildPhase;
			buildActionMask = 2147483647;
			files = (
				3A74CCC228E1BA0A00A98BB9 /* ContentView.swift in Sources */,
				3A74CCC028E1BA0A00A98BB9 /* TicTacToeApp.swift in Sources */,
				3A74CCEF28E1BAA400A98BB9 /* Cell.swift in Sources */,
			);
			runOnlyForDeploymentPostprocessing = 0;
		};
		3A74CCC828E1BA0C00A98BB9 /* Sources */ = {
			isa = PBXSourcesBuildPhase;
			buildActionMask = 2147483647;
			files = (
				3A74CCD128E1BA0C00A98BB9 /* TicTacToe_Watch_AppTests.swift in Sources */,
			);
			runOnlyForDeploymentPostprocessing = 0;
		};
		3A74CCD228E1BA0C00A98BB9 /* Sources */ = {
			isa = PBXSourcesBuildPhase;
			buildActionMask = 2147483647;
			files = (
				3A74CCDB28E1BA0C00A98BB9 /* TicTacToe_Watch_AppUITests.swift in Sources */,
				3A74CCDD28E1BA0C00A98BB9 /* TicTacToe_Watch_AppUITestsLaunchTests.swift in Sources */,
			);
			runOnlyForDeploymentPostprocessing = 0;
		};
/* End PBXSourcesBuildPhase section */

/* Begin PBXTargetDependency section */
		3A74CCBD28E1BA0A00A98BB9 /* PBXTargetDependency */ = {
			isa = PBXTargetDependency;
			target = 3A74CCB928E1BA0A00A98BB9 /* TicTacToe Watch App */;
			targetProxy = 3A74CCBC28E1BA0A00A98BB9 /* PBXContainerItemProxy */;
		};
		3A74CCCE28E1BA0C00A98BB9 /* PBXTargetDependency */ = {
			isa = PBXTargetDependency;
			target = 3A74CCB928E1BA0A00A98BB9 /* TicTacToe Watch App */;
			targetProxy = 3A74CCCD28E1BA0C00A98BB9 /* PBXContainerItemProxy */;
		};
		3A74CCD828E1BA0C00A98BB9 /* PBXTargetDependency */ = {
			isa = PBXTargetDependency;
			target = 3A74CCB928E1BA0A00A98BB9 /* TicTacToe Watch App */;
			targetProxy = 3A74CCD728E1BA0C00A98BB9 /* PBXContainerItemProxy */;
		};
/* End PBXTargetDependency section */

/* Begin XCBuildConfiguration section */
		3A74CCDE28E1BA0C00A98BB9 /* Debug */ = {
			isa = XCBuildConfiguration;
			buildSettings = {
				ALWAYS_SEARCH_USER_PATHS = NO;
				CLANG_ANALYZER_NONNULL = YES;
				CLANG_ANALYZER_NUMBER_OBJECT_CONVERSION = YES_AGGRESSIVE;
				CLANG_CXX_LANGUAGE_STANDARD = "gnu++20";
				CLANG_ENABLE_MODULES = YES;
				CLANG_ENABLE_OBJC_ARC = YES;
				CLANG_ENABLE_OBJC_WEAK = YES;
				CLANG_WARN_BLOCK_CAPTURE_AUTORELEASING = YES;
				CLANG_WARN_BOOL_CONVERSION = YES;
				CLANG_WARN_COMMA = YES;
				CLANG_WARN_CONSTANT_CONVERSION = YES;
				CLANG_WARN_DEPRECATED_OBJC_IMPLEMENTATIONS = YES;
				CLANG_WARN_DIRECT_OBJC_ISA_USAGE = YES_ERROR;
				CLANG_WARN_DOCUMENTATION_COMMENTS = YES;
				CLANG_WARN_EMPTY_BODY = YES;
				CLANG_WARN_ENUM_CONVERSION = YES;
				CLANG_WARN_INFINITE_RECURSION = YES;
				CLANG_WARN_INT_CONVERSION = YES;
				CLANG_WARN_NON_LITERAL_NULL_CONVERSION = YES;
				CLANG_WARN_OBJC_IMPLICIT_RETAIN_SELF = YES;
				CLANG_WARN_OBJC_LITERAL_CONVERSION = YES;
				CLANG_WARN_OBJC_ROOT_CLASS = YES_ERROR;
				CLANG_WARN_QUOTED_INCLUDE_IN_FRAMEWORK_HEADER = YES;
				CLANG_WARN_RANGE_LOOP_ANALYSIS = YES;
				CLANG_WARN_STRICT_PROTOTYPES = YES;
				CLANG_WARN_SUSPICIOUS_MOVE = YES;
				CLANG_WARN_UNGUARDED_AVAILABILITY = YES_AGGRESSIVE;
				CLANG_WARN_UNREACHABLE_CODE = YES;
				CLANG_WARN__DUPLICATE_METHOD_MATCH = YES;
				COPY_PHASE_STRIP = NO;
				DEBUG_INFORMATION_FORMAT = dwarf;
				ENABLE_STRICT_OBJC_MSGSEND = YES;
				ENABLE_TESTABILITY = YES;
				GCC_C_LANGUAGE_STANDARD = gnu11;
				GCC_DYNAMIC_NO_PIC = NO;
				GCC_NO_COMMON_BLOCKS = YES;
				GCC_OPTIMIZATION_LEVEL = 0;
				GCC_PREPROCESSOR_DEFINITIONS = (
					"DEBUG=1",
					"$(inherited)",
				);
				GCC_WARN_64_TO_32_BIT_CONVERSION = YES;
				GCC_WARN_ABOUT_RETURN_TYPE = YES_ERROR;
				GCC_WARN_UNDECLARED_SELECTOR = YES;
				GCC_WARN_UNINITIALIZED_AUTOS = YES_AGGRESSIVE;
				GCC_WARN_UNUSED_FUNCTION = YES;
				GCC_WARN_UNUSED_VARIABLE = YES;
				MTL_ENABLE_DEBUG_INFO = INCLUDE_SOURCE;
				MTL_FAST_MATH = YES;
				ONLY_ACTIVE_ARCH = YES;
				SWIFT_ACTIVE_COMPILATION_CONDITIONS = DEBUG;
				SWIFT_OPTIMIZATION_LEVEL = "-Onone";
			};
			name = Debug;
		};
		3A74CCDF28E1BA0C00A98BB9 /* Release */ = {
			isa = XCBuildConfiguration;
			buildSettings = {
				ALWAYS_SEARCH_USER_PATHS = NO;
				CLANG_ANALYZER_NONNULL = YES;
				CLANG_ANALYZER_NUMBER_OBJECT_CONVERSION = YES_AGGRESSIVE;
				CLANG_CXX_LANGUAGE_STANDARD = "gnu++20";
				CLANG_ENABLE_MODULES = YES;
				CLANG_ENABLE_OBJC_ARC = YES;
				CLANG_ENABLE_OBJC_WEAK = YES;
				CLANG_WARN_BLOCK_CAPTURE_AUTORELEASING = YES;
				CLANG_WARN_BOOL_CONVERSION = YES;
				CLANG_WARN_COMMA = YES;
				CLANG_WARN_CONSTANT_CONVERSION = YES;
				CLANG_WARN_DEPRECATED_OBJC_IMPLEMENTATIONS = YES;
				CLANG_WARN_DIRECT_OBJC_ISA_USAGE = YES_ERROR;
				CLANG_WARN_DOCUMENTATION_COMMENTS = YES;
				CLANG_WARN_EMPTY_BODY = YES;
				CLANG_WARN_ENUM_CONVERSION = YES;
				CLANG_WARN_INFINITE_RECURSION = YES;
				CLANG_WARN_INT_CONVERSION = YES;
				CLANG_WARN_NON_LITERAL_NULL_CONVERSION = YES;
				CLANG_WARN_OBJC_IMPLICIT_RETAIN_SELF = YES;
				CLANG_WARN_OBJC_LITERAL_CONVERSION = YES;
				CLANG_WARN_OBJC_ROOT_CLASS = YES_ERROR;
				CLANG_WARN_QUOTED_INCLUDE_IN_FRAMEWORK_HEADER = YES;
				CLANG_WARN_RANGE_LOOP_ANALYSIS = YES;
				CLANG_WARN_STRICT_PROTOTYPES = YES;
				CLANG_WARN_SUSPICIOUS_MOVE = YES;
				CLANG_WARN_UNGUARDED_AVAILABILITY = YES_AGGRESSIVE;
				CLANG_WARN_UNREACHABLE_CODE = YES;
				CLANG_WARN__DUPLICATE_METHOD_MATCH = YES;
				COPY_PHASE_STRIP = NO;
				DEBUG_INFORMATION_FORMAT = "dwarf-with-dsym";
				ENABLE_NS_ASSERTIONS = NO;
				ENABLE_STRICT_OBJC_MSGSEND = YES;
				GCC_C_LANGUAGE_STANDARD = gnu11;
				GCC_NO_COMMON_BLOCKS = YES;
				GCC_WARN_64_TO_32_BIT_CONVERSION = YES;
				GCC_WARN_ABOUT_RETURN_TYPE = YES_ERROR;
				GCC_WARN_UNDECLARED_SELECTOR = YES;
				GCC_WARN_UNINITIALIZED_AUTOS = YES_AGGRESSIVE;
				GCC_WARN_UNUSED_FUNCTION = YES;
				GCC_WARN_UNUSED_VARIABLE = YES;
				MTL_ENABLE_DEBUG_INFO = NO;
				MTL_FAST_MATH = YES;
				SWIFT_COMPILATION_MODE = wholemodule;
				SWIFT_OPTIMIZATION_LEVEL = "-O";
			};
			name = Release;
		};
		3A74CCE128E1BA0C00A98BB9 /* Debug */ = {
			isa = XCBuildConfiguration;
			buildSettings = {
				ASSETCATALOG_COMPILER_APPICON_NAME = AppIcon;
				ASSETCATALOG_COMPILER_GLOBAL_ACCENT_COLOR_NAME = AccentColor;
				CODE_SIGN_STYLE = Automatic;
				CURRENT_PROJECT_VERSION = 1;
				DEVELOPMENT_ASSET_PATHS = "\"TicTacToe Watch App/Preview Content\"";
				DEVELOPMENT_TEAM = 43AH39WPQ5;
				ENABLE_PREVIEWS = YES;
				GENERATE_INFOPLIST_FILE = YES;
				INFOPLIST_KEY_CFBundleDisplayName = TicTacToe;
				INFOPLIST_KEY_UISupportedInterfaceOrientations = "UIInterfaceOrientationPortrait UIInterfaceOrientationPortraitUpsideDown";
				INFOPLIST_KEY_WKWatchOnly = YES;
				LD_RUNPATH_SEARCH_PATHS = (
					"$(inherited)",
					"@executable_path/Frameworks",
				);
				MARKETING_VERSION = 1.0;
				PRODUCT_BUNDLE_IDENTIFIER = czg.TicTacToe.watchkitapp;
				PRODUCT_NAME = "$(TARGET_NAME)";
				SDKROOT = watchos;
				SKIP_INSTALL = YES;
				SWIFT_EMIT_LOC_STRINGS = YES;
				SWIFT_VERSION = 5.0;
				TARGETED_DEVICE_FAMILY = 4;
				WATCHOS_DEPLOYMENT_TARGET = 9.0;
			};
			name = Debug;
		};
		3A74CCE228E1BA0C00A98BB9 /* Release */ = {
			isa = XCBuildConfiguration;
			buildSettings = {
				ASSETCATALOG_COMPILER_APPICON_NAME = AppIcon;
				ASSETCATALOG_COMPILER_GLOBAL_ACCENT_COLOR_NAME = AccentColor;
				CODE_SIGN_STYLE = Automatic;
				CURRENT_PROJECT_VERSION = 1;
				DEVELOPMENT_ASSET_PATHS = "\"TicTacToe Watch App/Preview Content\"";
				DEVELOPMENT_TEAM = 43AH39WPQ5;
				ENABLE_PREVIEWS = YES;
				GENERATE_INFOPLIST_FILE = YES;
				INFOPLIST_KEY_CFBundleDisplayName = TicTacToe;
				INFOPLIST_KEY_UISupportedInterfaceOrientations = "UIInterfaceOrientationPortrait UIInterfaceOrientationPortraitUpsideDown";
				INFOPLIST_KEY_WKWatchOnly = YES;
				LD_RUNPATH_SEARCH_PATHS = (
					"$(inherited)",
					"@executable_path/Frameworks",
				);
				MARKETING_VERSION = 1.0;
				PRODUCT_BUNDLE_IDENTIFIER = czg.TicTacToe.watchkitapp;
				PRODUCT_NAME = "$(TARGET_NAME)";
				SDKROOT = watchos;
				SKIP_INSTALL = YES;
				SWIFT_EMIT_LOC_STRINGS = YES;
				SWIFT_VERSION = 5.0;
				TARGETED_DEVICE_FAMILY = 4;
				VALIDATE_PRODUCT = YES;
				WATCHOS_DEPLOYMENT_TARGET = 9.0;
			};
			name = Release;
		};
		3A74CCE528E1BA0C00A98BB9 /* Debug */ = {
			isa = XCBuildConfiguration;
			buildSettings = {
				ALWAYS_EMBED_SWIFT_STANDARD_LIBRARIES = YES;
				CODE_SIGN_STYLE = Automatic;
				CURRENT_PROJECT_VERSION = 1;
				DEVELOPMENT_TEAM = 43AH39WPQ5;
				INFOPLIST_KEY_CFBundleDisplayName = TicTacToe;
				MARKETING_VERSION = 1.0;
				PRODUCT_BUNDLE_IDENTIFIER = czg.TicTacToe;
				PRODUCT_NAME = "$(TARGET_NAME)";
				SDKROOT = iphoneos;
				SWIFT_VERSION = 5.0;
			};
			name = Debug;
		};
		3A74CCE628E1BA0C00A98BB9 /* Release */ = {
			isa = XCBuildConfiguration;
			buildSettings = {
				ALWAYS_EMBED_SWIFT_STANDARD_LIBRARIES = YES;
				CODE_SIGN_STYLE = Automatic;
				CURRENT_PROJECT_VERSION = 1;
				DEVELOPMENT_TEAM = 43AH39WPQ5;
				INFOPLIST_KEY_CFBundleDisplayName = TicTacToe;
				MARKETING_VERSION = 1.0;
				PRODUCT_BUNDLE_IDENTIFIER = czg.TicTacToe;
				PRODUCT_NAME = "$(TARGET_NAME)";
				SDKROOT = iphoneos;
				SWIFT_VERSION = 5.0;
				VALIDATE_PRODUCT = YES;
			};
			name = Release;
		};
		3A74CCE828E1BA0C00A98BB9 /* Debug */ = {
			isa = XCBuildConfiguration;
			buildSettings = {
				ALWAYS_EMBED_SWIFT_STANDARD_LIBRARIES = YES;
				BUNDLE_LOADER = "$(TEST_HOST)";
				CODE_SIGN_STYLE = Automatic;
				CURRENT_PROJECT_VERSION = 1;
				DEVELOPMENT_TEAM = 43AH39WPQ5;
				GENERATE_INFOPLIST_FILE = YES;
				MARKETING_VERSION = 1.0;
				PRODUCT_BUNDLE_IDENTIFIER = "czg.TicTacToe-Watch-AppTests";
				PRODUCT_NAME = "$(TARGET_NAME)";
				SDKROOT = watchos;
				SWIFT_EMIT_LOC_STRINGS = NO;
				SWIFT_VERSION = 5.0;
				TARGETED_DEVICE_FAMILY = 4;
				TEST_HOST = "$(BUILT_PRODUCTS_DIR)/TicTacToe Watch App.app/$(BUNDLE_EXECUTABLE_FOLDER_PATH)/TicTacToe Watch App";
				WATCHOS_DEPLOYMENT_TARGET = 9.0;
			};
			name = Debug;
		};
		3A74CCE928E1BA0C00A98BB9 /* Release */ = {
			isa = XCBuildConfiguration;
			buildSettings = {
				ALWAYS_EMBED_SWIFT_STANDARD_LIBRARIES = YES;
				BUNDLE_LOADER = "$(TEST_HOST)";
				CODE_SIGN_STYLE = Automatic;
				CURRENT_PROJECT_VERSION = 1;
				DEVELOPMENT_TEAM = 43AH39WPQ5;
				GENERATE_INFOPLIST_FILE = YES;
				MARKETING_VERSION = 1.0;
				PRODUCT_BUNDLE_IDENTIFIER = "czg.TicTacToe-Watch-AppTests";
				PRODUCT_NAME = "$(TARGET_NAME)";
				SDKROOT = watchos;
				SWIFT_EMIT_LOC_STRINGS = NO;
				SWIFT_VERSION = 5.0;
				TARGETED_DEVICE_FAMILY = 4;
				TEST_HOST = "$(BUILT_PRODUCTS_DIR)/TicTacToe Watch App.app/$(BUNDLE_EXECUTABLE_FOLDER_PATH)/TicTacToe Watch App";
				VALIDATE_PRODUCT = YES;
				WATCHOS_DEPLOYMENT_TARGET = 9.0;
			};
			name = Release;
		};
		3A74CCEB28E1BA0C00A98BB9 /* Debug */ = {
			isa = XCBuildConfiguration;
			buildSettings = {
				ALWAYS_EMBED_SWIFT_STANDARD_LIBRARIES = YES;
				CODE_SIGN_STYLE = Automatic;
				CURRENT_PROJECT_VERSION = 1;
				DEVELOPMENT_TEAM = 43AH39WPQ5;
				GENERATE_INFOPLIST_FILE = YES;
				MARKETING_VERSION = 1.0;
				PRODUCT_BUNDLE_IDENTIFIER = "czg.TicTacToe-Watch-AppUITests";
				PRODUCT_NAME = "$(TARGET_NAME)";
				SDKROOT = watchos;
				SWIFT_EMIT_LOC_STRINGS = NO;
				SWIFT_VERSION = 5.0;
				TARGETED_DEVICE_FAMILY = 4;
				TEST_TARGET_NAME = "TicTacToe Watch App";
				WATCHOS_DEPLOYMENT_TARGET = 9.0;
			};
			name = Debug;
		};
		3A74CCEC28E1BA0C00A98BB9 /* Release */ = {
			isa = XCBuildConfiguration;
			buildSettings = {
				ALWAYS_EMBED_SWIFT_STANDARD_LIBRARIES = YES;
				CODE_SIGN_STYLE = Automatic;
				CURRENT_PROJECT_VERSION = 1;
				DEVELOPMENT_TEAM = 43AH39WPQ5;
				GENERATE_INFOPLIST_FILE = YES;
				MARKETING_VERSION = 1.0;
				PRODUCT_BUNDLE_IDENTIFIER = "czg.TicTacToe-Watch-AppUITests";
				PRODUCT_NAME = "$(TARGET_NAME)";
				SDKROOT = watchos;
				SWIFT_EMIT_LOC_STRINGS = NO;
				SWIFT_VERSION = 5.0;
				TARGETED_DEVICE_FAMILY = 4;
				TEST_TARGET_NAME = "TicTacToe Watch App";
				VALIDATE_PRODUCT = YES;
				WATCHOS_DEPLOYMENT_TARGET = 9.0;
			};
			name = Release;
		};
/* End XCBuildConfiguration section */

/* Begin XCConfigurationList section */
		3A74CCB128E1BA0900A98BB9 /* Build configuration list for PBXProject "TicTacToe" */ = {
			isa = XCConfigurationList;
			buildConfigurations = (
				3A74CCDE28E1BA0C00A98BB9 /* Debug */,
				3A74CCDF28E1BA0C00A98BB9 /* Release */,
			);
			defaultConfigurationIsVisible = 0;
			defaultConfigurationName = Release;
		};
		3A74CCE028E1BA0C00A98BB9 /* Build configuration list for PBXNativeTarget "TicTacToe Watch App" */ = {
			isa = XCConfigurationList;
			buildConfigurations = (
				3A74CCE128E1BA0C00A98BB9 /* Debug */,
				3A74CCE228E1BA0C00A98BB9 /* Release */,
			);
			defaultConfigurationIsVisible = 0;
			defaultConfigurationName = Release;
		};
		3A74CCE428E1BA0C00A98BB9 /* Build configuration list for PBXNativeTarget "TicTacToe" */ = {
			isa = XCConfigurationList;
			buildConfigurations = (
				3A74CCE528E1BA0C00A98BB9 /* Debug */,
				3A74CCE628E1BA0C00A98BB9 /* Release */,
			);
			defaultConfigurationIsVisible = 0;
			defaultConfigurationName = Release;
		};
		3A74CCE728E1BA0C00A98BB9 /* Build configuration list for PBXNativeTarget "TicTacToe Watch AppTests" */ = {
			isa = XCConfigurationList;
			buildConfigurations = (
				3A74CCE828E1BA0C00A98BB9 /* Debug */,
				3A74CCE928E1BA0C00A98BB9 /* Release */,
			);
			defaultConfigurationIsVisible = 0;
			defaultConfigurationName = Release;
		};
		3A74CCEA28E1BA0C00A98BB9 /* Build configuration list for PBXNativeTarget "TicTacToe Watch AppUITests" */ = {
			isa = XCConfigurationList;
			buildConfigurations = (
				3A74CCEB28E1BA0C00A98BB9 /* Debug */,
				3A74CCEC28E1BA0C00A98BB9 /* Release */,
			);
			defaultConfigurationIsVisible = 0;
			defaultConfigurationName = Release;
		};
/* End XCConfigurationList section */
	};
	rootObject = 3A74CCAE28E1BA0900A98BB9 /* Project object */;
}
